
Microsoft Visual Studio Solution File, Format Version 12.00
# Visual Studio Version 16
VisualStudioVersion = 16.0.30907.101
MinimumVisualStudioVersion = 10.0.40219.1
Project("{FAE04EC0-301F-11D3-BF4B-00C04F79EFBC}") = "TheExpertSystemFinished", "TheExpertSystemFinished.csproj", "{E54E459D-2D3E-487D-A604-403B583E46E5}"
EndProject
Global
	GlobalSection(SolutionConfigurationPlatforms) = preSolution
		Debug|Any CPU = Debug|Any CPU
		Release|Any CPU = Release|Any CPU
	EndGlobalSection
	GlobalSection(ProjectConfigurationPlatforms) = postSolution
		{E54E459D-2D3E-487D-A604-403B583E46E5}.Debug|Any CPU.ActiveCfg = Debug|Any CPU
		{E54E459D-2D3E-487D-A604-403B583E46E5}.Debug|Any CPU.Build.0 = Debug|Any CPU
		{E54E459D-2D3E-487D-A604-403B583E46E5}.Release|Any CPU.ActiveCfg = Release|Any CPU
		{E54E459D-2D3E-487D-A604-403B583E46E5}.Release|Any CPU.Build.0 = Release|Any CPU
	EndGlobalSection
	GlobalSection(SolutionProperties) = preSolution
		HideSolutionNode = FALSE
	EndGlobalSection
	GlobalSection(ExtensibilityGlobals) = postSolution
		SolutionGuid = {55FEC190-51FB-4CA2-933C-B50953A36869}
	EndGlobalSection
EndGlobal
